PODS:
  - MediaPipeTasksCommon (0.10.21)
  - MediaPipeTasksVision (0.10.21):
    - MediaPipeTasksCommon (= 0.10.21)

DEPENDENCIES:
  - MediaPipeTasksVision

SPEC REPOS:
  trunk:
    - MediaPipeTasksCommon
    - MediaPipeTasksVision

SPEC CHECKSUMS:
  MediaPipeTasksCommon: 6cfa29170d4900f04d250ad95ec058f14a741f38
  MediaPipeTasksVision: 7b1c0f5a5820e87e9d96926f5e65d8cd3744fac2

PODFILE CHECKSUM: c6d3c0a90ec515390676c5707bad0a9dabd3ac93

COCOAPODS: 1.16.2
