// !$*UTF8*$!
{
	archiveVersion = 1;
	classes = {
	};
	objectVersion = 77;
	objects = {

/* Begin PBXBuildFile section */
		042491252E3E986400AC3367 /* FirebaseCore in Frameworks */ = {isa = PBXBuildFile; productRef = 042491242E3E986400AC3367 /* FirebaseCore */; };
		042491272E3E986400AC3367 /* FirebaseStorage in Frameworks */ = {isa = PBXBuildFile; productRef = 042491262E3E986400AC3367 /* FirebaseStorage */; };
		042491282E3E986400AC3367 /* FirebaseFirestore in Frameworks */ = {isa = PBXBuildFile; productRef = 042491292E3E986400AC3367 /* FirebaseFirestore */; };
/* End PBXBuildFile section */

/* Begin PBXContainerItemProxy section */
		0446A8042E31DA8300A13506 /* PBXContainerItemProxy */ = {
			isa = PBXContainerItemProxy;
			containerPortal = 0446A7E92E31DA8200A13506 /* Project object */;
			proxyType = 1;
			remoteGlobalIDString = 0446A7F02E31DA8200A13506;
			remoteInfo = Chiron;
		};
		0446A80E2E31DA8300A13506 /* PBXContainerItemProxy */ = {
			isa = PBXContainerItemProxy;
			containerPortal = 0446A7E92E31DA8200A13506 /* Project object */;
			proxyType = 1;
			remoteGlobalIDString = 0446A7F02E31DA8200A13506;
			remoteInfo = Chiron;
		};
/* End PBXContainerItemProxy section */

/* Begin PBXFileReference section */
		0446A7F12E31DA8200A13506 /* Chiron.app */ = {isa = PBXFileReference; explicitFileType = wrapper.application; includeInIndex = 0; path = Chiron.app; sourceTree = BUILT_PRODUCTS_DIR; };
		0446A8032E31DA8300A13506 /* ChironTests.xctest */ = {isa = PBXFileReference; explicitFileType = wrapper.cfbundle; includeInIndex = 0; path = ChironTests.xctest; sourceTree = BUILT_PRODUCTS_DIR; };
		0446A80D2E31DA8300A13506 /* ChironUITests.xctest */ = {isa = PBXFileReference; explicitFileType = wrapper.cfbundle; includeInIndex = 0; path = ChironUITests.xctest; sourceTree = BUILT_PRODUCTS_DIR; };
/* End PBXFileReference section */

/* Begin PBXFileSystemSynchronizedBuildFileExceptionSet section */
		042491222E3E948900AC3367 /* Exceptions for "Chiron" folder in "Chiron" target */ = {
			isa = PBXFileSystemSynchronizedBuildFileExceptionSet;
			membershipExceptions = (
				Info.plist,
			);
			target = 0446A7F02E31DA8200A13506 /* Chiron */;
		};
/* End PBXFileSystemSynchronizedBuildFileExceptionSet section */

/* Begin PBXFileSystemSynchronizedRootGroup section */
		0446A7F32E31DA8200A13506 /* Chiron */ = {
			isa = PBXFileSystemSynchronizedRootGroup;
			exceptions = (
				042491222E3E948900AC3367 /* Exceptions for "Chiron" folder in "Chiron" target */,
			);
			path = Chiron;
			sourceTree = "<group>";
		};
		0446A8062E31DA8300A13506 /* ChironTests */ = {
			isa = PBXFileSystemSynchronizedRootGroup;
			path = ChironTests;
			sourceTree = "<group>";
		};
		0446A8102E31DA8300A13506 /* ChironUITests */ = {
			isa = PBXFileSystemSynchronizedRootGroup;
			path = ChironUITests;
			sourceTree = "<group>";
		};
/* End PBXFileSystemSynchronizedRootGroup section */

/* Begin PBXFrameworksBuildPhase section */
		0446A7EE2E31DA8200A13506 /* Frameworks */ = {
			isa = PBXFrameworksBuildPhase;
			buildActionMask = 2147483647;
			files = (
				042491252E3E986400AC3367 /* FirebaseCore in Frameworks */,
				042491272E3E986400AC3367 /* FirebaseStorage in Frameworks */,
				042491282E3E986400AC3367 /* FirebaseFirestore in Frameworks */,
			);
			runOnlyForDeploymentPostprocessing = 0;
		};
		0446A8002E31DA8300A13506 /* Frameworks */ = {
			isa = PBXFrameworksBuildPhase;
			buildActionMask = 2147483647;
			files = (
			);
			runOnlyForDeploymentPostprocessing = 0;
		};
		0446A80A2E31DA8300A13506 /* Frameworks */ = {
			isa = PBXFrameworksBuildPhase;
			buildActionMask = 2147483647;
			files = (
			);
			runOnlyForDeploymentPostprocessing = 0;
		};
/* End PBXFrameworksBuildPhase section */

/* Begin PBXGroup section */
		0446A7E82E31DA8200A13506 = {
			isa = PBXGroup;
			children = (
				0446A7F32E31DA8200A13506 /* Chiron */,
				0446A8062E31DA8300A13506 /* ChironTests */,
				0446A8102E31DA8300A13506 /* ChironUITests */,
				0446A7F22E31DA8200A13506 /* Products */,
			);
			sourceTree = "<group>";
		};
		0446A7F22E31DA8200A13506 /* Products */ = {
			isa = PBXGroup;
			children = (
				0446A7F12E31DA8200A13506 /* Chiron.app */,
				0446A8032E31DA8300A13506 /* ChironTests.xctest */,
				0446A80D2E31DA8300A13506 /* ChironUITests.xctest */,
			);
			name = Products;
			sourceTree = "<group>";
		};
/* End PBXGroup section */

/* Begin PBXNativeTarget section */
		0446A7F02E31DA8200A13506 /* Chiron */ = {
			isa = PBXNativeTarget;
			buildConfigurationList = 0446A8172E31DA8300A13506 /* Build configuration list for PBXNativeTarget "Chiron" */;
			buildPhases = (
				0446A7ED2E31DA8200A13506 /* Sources */,
				0446A7EE2E31DA8200A13506 /* Frameworks */,
				0446A7EF2E31DA8200A13506 /* Resources */,
			);
			buildRules = (
			);
			dependencies = (
			);
			fileSystemSynchronizedGroups = (
				0446A7F32E31DA8200A13506 /* Chiron */,
			);
			name = Chiron;
			packageProductDependencies = (
				042491242E3E986400AC3367 /* FirebaseCore */,
				042491262E3E986400AC3367 /* FirebaseStorage */,
				042491292E3E986400AC3367 /* FirebaseFirestore */,
			);
			productName = Chiron;
			productReference = 0446A7F12E31DA8200A13506 /* Chiron.app */;
			productType = "com.apple.product-type.application";
		};
		0446A8022E31DA8300A13506 /* ChironTests */ = {
			isa = PBXNativeTarget;
			buildConfigurationList = 0446A81A2E31DA8300A13506 /* Build configuration list for PBXNativeTarget "ChironTests" */;
			buildPhases = (
				0446A7FF2E31DA8300A13506 /* Sources */,
				0446A8002E31DA8300A13506 /* Frameworks */,
				0446A8012E31DA8300A13506 /* Resources */,
			);
			buildRules = (
			);
			dependencies = (
				0446A8052E31DA8300A13506 /* PBXTargetDependency */,
			);
			fileSystemSynchronizedGroups = (
				0446A8062E31DA8300A13506 /* ChironTests */,
			);
			name = ChironTests;
			packageProductDependencies = (
			);
			productName = ChironTests;
			productReference = 0446A8032E31DA8300A13506 /* ChironTests.xctest */;
			productType = "com.apple.product-type.bundle.unit-test";
		};
		0446A80C2E31DA8300A13506 /* ChironUITests */ = {
			isa = PBXNativeTarget;
			buildConfigurationList = 0446A81D2E31DA8300A13506 /* Build configuration list for PBXNativeTarget "ChironUITests" */;
			buildPhases = (
				0446A8092E31DA8300A13506 /* Sources */,
				0446A80A2E31DA8300A13506 /* Frameworks */,
				0446A80B2E31DA8300A13506 /* Resources */,
			);
			buildRules = (
			);
			dependencies = (
				0446A80F2E31DA8300A13506 /* PBXTargetDependency */,
			);
			fileSystemSynchronizedGroups = (
				0446A8102E31DA8300A13506 /* ChironUITests */,
			);
			name = ChironUITests;
			packageProductDependencies = (
			);
			productName = ChironUITests;
			productReference = 0446A80D2E31DA8300A13506 /* ChironUITests.xctest */;
			productType = "com.apple.product-type.bundle.ui-testing";
		};
/* End PBXNativeTarget section */

/* Begin PBXProject section */
		0446A7E92E31DA8200A13506 /* Project object */ = {
			isa = PBXProject;
			attributes = {
				BuildIndependentTargetsInParallel = 1;
				LastSwiftUpdateCheck = 1640;
				LastUpgradeCheck = 2600;
				TargetAttributes = {
					0446A7F02E31DA8200A13506 = {
						CreatedOnToolsVersion = 16.4;
						LastSwiftMigration = 2610;
					};
					0446A8022E31DA8300A13506 = {
						CreatedOnToolsVersion = 16.4;
						TestTargetID = 0446A7F02E31DA8200A13506;
					};
					0446A80C2E31DA8300A13506 = {
						CreatedOnToolsVersion = 16.4;
						TestTargetID = 0446A7F02E31DA8200A13506;
					};
				};
			};
			buildConfigurationList = 0446A7EC2E31DA8200A13506 /* Build configuration list for PBXProject "Chiron" */;
			developmentRegion = en;
			hasScannedForEncodings = 0;
			knownRegions = (
				en,
				Base,
			);
			mainGroup = 0446A7E82E31DA8200A13506;
			minimizedProjectReferenceProxies = 1;
			packageReferences = (
				042491232E3E96ED00AC3367 /* XCRemoteSwiftPackageReference "firebase-ios-sdk" */,
			);
			preferredProjectObjectVersion = 77;
			productRefGroup = 0446A7F22E31DA8200A13506 /* Products */;
			projectDirPath = "";
			projectRoot = "";
			targets = (
				0446A7F02E31DA8200A13506 /* Chiron */,
				0446A8022E31DA8300A13506 /* ChironTests */,
				0446A80C2E31DA8300A13506 /* ChironUITests */,
			);
		};
/* End PBXProject section */

/* Begin PBXResourcesBuildPhase section */
		0446A7EF2E31DA8200A13506 /* Resources */ = {
			isa = PBXResourcesBuildPhase;
			buildActionMask = 2147483647;
			files = (
			);
			runOnlyForDeploymentPostprocessing = 0;
		};
		0446A8012E31DA8300A13506 /* Resources */ = {
			isa = PBXResourcesBuildPhase;
			buildActionMask = 2147483647;
			files = (
			);
			runOnlyForDeploymentPostprocessing = 0;
		};
		0446A80B2E31DA8300A13506 /* Resources */ = {
			isa = PBXResourcesBuildPhase;
			buildActionMask = 2147483647;
			files = (
			);
			runOnlyForDeploymentPostprocessing = 0;
		};
/* End PBXResourcesBuildPhase section */

/* Begin PBXSourcesBuildPhase section */
		0446A7ED2E31DA8200A13506 /* Sources */ = {
			isa = PBXSourcesBuildPhase;
			buildActionMask = 2147483647;
			files = (
			);
			runOnlyForDeploymentPostprocessing = 0;
		};
		0446A7FF2E31DA8300A13506 /* Sources */ = {
			isa = PBXSourcesBuildPhase;
			buildActionMask = 2147483647;
			files = (
			);
			runOnlyForDeploymentPostprocessing = 0;
		};
		0446A8092E31DA8300A13506 /* Sources */ = {
			isa = PBXSourcesBuildPhase;
			buildActionMask = 2147483647;
			files = (
			);
			runOnlyForDeploymentPostprocessing = 0;
		};
/* End PBXSourcesBuildPhase section */

/* Begin PBXTargetDependency section */
		0446A8052E31DA8300A13506 /* PBXTargetDependency */ = {
			isa = PBXTargetDependency;
			target = 0446A7F02E31DA8200A13506 /* Chiron */;
			targetProxy = 0446A8042E31DA8300A13506 /* PBXContainerItemProxy */;
		};
		0446A80F2E31DA8300A13506 /* PBXTargetDependency */ = {
			isa = PBXTargetDependency;
			target = 0446A7F02E31DA8200A13506 /* Chiron */;
			targetProxy = 0446A80E2E31DA8300A13506 /* PBXContainerItemProxy */;
		};
/* End PBXTargetDependency section */

/* Begin XCBuildConfiguration section */
		0446A8152E31DA8300A13506 /* Debug */ = {
			isa = XCBuildConfiguration;
			buildSettings = {
				ALWAYS_SEARCH_USER_PATHS = NO;
				ASSETCATALOG_COMPILER_GENERATE_SWIFT_ASSET_SYMBOL_EXTENSIONS = YES;
				CLANG_ANALYZER_NONNULL = YES;
				CLANG_ANALYZER_NUMBER_OBJECT_CONVERSION = YES_AGGRESSIVE;
				CLANG_CXX_LANGUAGE_STANDARD = "gnu++20";
				CLANG_ENABLE_MODULES = YES;
				CLANG_ENABLE_OBJC_ARC = YES;
				CLANG_ENABLE_OBJC_WEAK = YES;
				CLANG_WARN_BLOCK_CAPTURE_AUTORELEASING = YES;
				CLANG_WARN_BOOL_CONVERSION = YES;
				CLANG_WARN_COMMA = YES;
				CLANG_WARN_CONSTANT_CONVERSION = YES;
				CLANG_WARN_DEPRECATED_OBJC_IMPLEMENTATIONS = YES;
				CLANG_WARN_DIRECT_OBJC_ISA_USAGE = YES_ERROR;
				CLANG_WARN_DOCUMENTATION_COMMENTS = YES;
				CLANG_WARN_EMPTY_BODY = YES;
				CLANG_WARN_ENUM_CONVERSION = YES;
				CLANG_WARN_INFINITE_RECURSION = YES;
				CLANG_WARN_INT_CONVERSION = YES;
				CLANG_WARN_NON_LITERAL_NULL_CONVERSION = YES;
				CLANG_WARN_OBJC_IMPLICIT_RETAIN_SELF = YES;
				CLANG_WARN_OBJC_LITERAL_CONVERSION = YES;
				CLANG_WARN_OBJC_ROOT_CLASS = YES_ERROR;
				CLANG_WARN_QUOTED_INCLUDE_IN_FRAMEWORK_HEADER = YES;
				CLANG_WARN_RANGE_LOOP_ANALYSIS = YES;
				CLANG_WARN_STRICT_PROTOTYPES = YES;
				CLANG_WARN_SUSPICIOUS_MOVE = YES;
				CLANG_WARN_UNGUARDED_AVAILABILITY = YES_AGGRESSIVE;
				CLANG_WARN_UNREACHABLE_CODE = YES;
				CLANG_WARN__DUPLICATE_METHOD_MATCH = YES;
				COPY_PHASE_STRIP = NO;
				DEBUG_INFORMATION_FORMAT = dwarf;
				ENABLE_STRICT_OBJC_MSGSEND = YES;
				ENABLE_TESTABILITY = YES;
				ENABLE_USER_SCRIPT_SANDBOXING = YES;
				GCC_C_LANGUAGE_STANDARD = gnu17;
				GCC_DYNAMIC_NO_PIC = NO;
				GCC_NO_COMMON_BLOCKS = YES;
				GCC_OPTIMIZATION_LEVEL = 0;
				GCC_PREPROCESSOR_DEFINITIONS = (
					"DEBUG=1",
					"$(inherited)",
				);
				GCC_WARN_64_TO_32_BIT_CONVERSION = YES;
				GCC_WARN_ABOUT_RETURN_TYPE = YES_ERROR;
				GCC_WARN_UNDECLARED_SELECTOR = YES;
				GCC_WARN_UNINITIALIZED_AUTOS = YES_AGGRESSIVE;
				GCC_WARN_UNUSED_FUNCTION = YES;
				GCC_WARN_UNUSED_VARIABLE = YES;
				IPHONEOS_DEPLOYMENT_TARGET = 18.5;
				LOCALIZATION_PREFERS_STRING_CATALOGS = YES;
				MTL_ENABLE_DEBUG_INFO = INCLUDE_SOURCE;
				MTL_FAST_MATH = YES;
				ONLY_ACTIVE_ARCH = YES;
				SDKROOT = iphoneos;
				STRING_CATALOG_GENERATE_SYMBOLS = YES;
				SWIFT_ACTIVE_COMPILATION_CONDITIONS = "DEBUG $(inherited)";
				SWIFT_OPTIMIZATION_LEVEL = "-Onone";
			};
			name = Debug;
		};
		0446A8162E31DA8300A13506 /* Release */ = {
			isa = XCBuildConfiguration;
			buildSettings = {
				ALWAYS_SEARCH_USER_PATHS = NO;
				ASSETCATALOG_COMPILER_GENERATE_SWIFT_ASSET_SYMBOL_EXTENSIONS = YES;
				CLANG_ANALYZER_NONNULL = YES;
				CLANG_ANALYZER_NUMBER_OBJECT_CONVERSION = YES_AGGRESSIVE;
				CLANG_CXX_LANGUAGE_STANDARD = "gnu++20";
				CLANG_ENABLE_MODULES = YES;
				CLANG_ENABLE_OBJC_ARC = YES;
				CLANG_ENABLE_OBJC_WEAK = YES;
				CLANG_WARN_BLOCK_CAPTURE_AUTORELEASING = YES;
				CLANG_WARN_BOOL_CONVERSION = YES;
				CLANG_WARN_COMMA = YES;
				CLANG_WARN_CONSTANT_CONVERSION = YES;
				CLANG_WARN_DEPRECATED_OBJC_IMPLEMENTATIONS = YES;
				CLANG_WARN_DIRECT_OBJC_ISA_USAGE = YES_ERROR;
				CLANG_WARN_DOCUMENTATION_COMMENTS = YES;
				CLANG_WARN_EMPTY_BODY = YES;
				CLANG_WARN_ENUM_CONVERSION = YES;
				CLANG_WARN_INFINITE_RECURSION = YES;
				CLANG_WARN_INT_CONVERSION = YES;
				CLANG_WARN_NON_LITERAL_NULL_CONVERSION = YES;
				CLANG_WARN_OBJC_IMPLICIT_RETAIN_SELF = YES;
				CLANG_WARN_OBJC_LITERAL_CONVERSION = YES;
				CLANG_WARN_OBJC_ROOT_CLASS = YES_ERROR;
				CLANG_WARN_QUOTED_INCLUDE_IN_FRAMEWORK_HEADER = YES;
				CLANG_WARN_RANGE_LOOP_ANALYSIS = YES;
				CLANG_WARN_STRICT_PROTOTYPES = YES;
				CLANG_WARN_SUSPICIOUS_MOVE = YES;
				CLANG_WARN_UNGUARDED_AVAILABILITY = YES_AGGRESSIVE;
				CLANG_WARN_UNREACHABLE_CODE = YES;
				CLANG_WARN__DUPLICATE_METHOD_MATCH = YES;
				COPY_PHASE_STRIP = NO;
				DEBUG_INFORMATION_FORMAT = "dwarf-with-dsym";
				ENABLE_NS_ASSERTIONS = NO;
				ENABLE_STRICT_OBJC_MSGSEND = YES;
				ENABLE_USER_SCRIPT_SANDBOXING = YES;
				GCC_C_LANGUAGE_STANDARD = gnu17;
				GCC_NO_COMMON_BLOCKS = YES;
				GCC_WARN_64_TO_32_BIT_CONVERSION = YES;
				GCC_WARN_ABOUT_RETURN_TYPE = YES_ERROR;
				GCC_WARN_UNDECLARED_SELECTOR = YES;
				GCC_WARN_UNINITIALIZED_AUTOS = YES_AGGRESSIVE;
				GCC_WARN_UNUSED_FUNCTION = YES;
				GCC_WARN_UNUSED_VARIABLE = YES;
				IPHONEOS_DEPLOYMENT_TARGET = 18.5;
				LOCALIZATION_PREFERS_STRING_CATALOGS = YES;
				MTL_ENABLE_DEBUG_INFO = NO;
				MTL_FAST_MATH = YES;
				SDKROOT = iphoneos;
				STRING_CATALOG_GENERATE_SYMBOLS = YES;
				SWIFT_COMPILATION_MODE = wholemodule;
				VALIDATE_PRODUCT = YES;
			};
			name = Release;
		};
		0446A8182E31DA8300A13506 /* Debug */ = {
			isa = XCBuildConfiguration;
			buildSettings = {
				ASSETCATALOG_COMPILER_APPICON_NAME = AppIcon;
				ASSETCATALOG_COMPILER_GLOBAL_ACCENT_COLOR_NAME = AccentColor;
				CLANG_ENABLE_MODULES = YES;
				CODE_SIGN_STYLE = Automatic;
				CURRENT_PROJECT_VERSION = 1;
				DEVELOPMENT_TEAM = FVN2FXMFMB;
				ENABLE_PREVIEWS = YES;
				GENERATE_INFOPLIST_FILE = NO;
				I = "";
				INFOPLIST_FILE = Chiron/Info.plist;
				INFOPLIST_KEY_NSCameraUsageDescription = "This app uses the camera to analyze your workout form and provide real-time feedback during exercises.";
				INFOPLIST_KEY_UIApplicationSceneManifest_Generation = YES;
				INFOPLIST_KEY_UIApplicationSupportsIndirectInputEvents = YES;
				INFOPLIST_KEY_UILaunchScreen_Generation = YES;
				INFOPLIST_KEY_UISupportedInterfaceOrientations_iPad = UIInterfaceOrientationPortrait;
				INFOPLIST_KEY_UISupportedInterfaceOrientations_iPhone = UIInterfaceOrientationPortrait;
				LD_RUNPATH_SEARCH_PATHS = (
					"$(inherited)",
					"@executable_path/Frameworks",
				);
				MARKETING_VERSION = 1.0;
				PRODUCT_BUNDLE_IDENTIFIER = com.zachthomson.Chiron;
				PRODUCT_NAME = "$(TARGET_NAME)";
				SWIFT_EMIT_LOC_STRINGS = YES;
				SWIFT_OPTIMIZATION_LEVEL = "-Onone";
				SWIFT_VERSION = 5.0;
				TARGETED_DEVICE_FAMILY = "1,2";
				e = "";
			};
			name = Debug;
		};
		0446A8192E31DA8300A13506 /* Release */ = {
			isa = XCBuildConfiguration;
			buildSettings = {
				ASSETCATALOG_COMPILER_APPICON_NAME = AppIcon;
				ASSETCATALOG_COMPILER_GLOBAL_ACCENT_COLOR_NAME = AccentColor;
				CLANG_ENABLE_MODULES = YES;
				CODE_SIGN_STYLE = Automatic;
				CURRENT_PROJECT_VERSION = 1;
				DEVELOPMENT_TEAM = FVN2FXMFMB;
				ENABLE_PREVIEWS = YES;
				GENERATE_INFOPLIST_FILE = NO;
				I = "";
				INFOPLIST_FILE = Chiron/Info.plist;
				INFOPLIST_KEY_NSCameraUsageDescription = "This app uses the camera to analyze your workout form and provide real-time feedback during exercises.";
				INFOPLIST_KEY_UIApplicationSceneManifest_Generation = YES;
				INFOPLIST_KEY_UIApplicationSupportsIndirectInputEvents = YES;
				INFOPLIST_KEY_UILaunchScreen_Generation = YES;
				INFOPLIST_KEY_UISupportedInterfaceOrientations_iPad = UIInterfaceOrientationPortrait;
				INFOPLIST_KEY_UISupportedInterfaceOrientations_iPhone = UIInterfaceOrientationPortrait;
				LD_RUNPATH_SEARCH_PATHS = (
					"$(inherited)",
					"@executable_path/Frameworks",
				);
				MARKETING_VERSION = 1.0;
				PRODUCT_BUNDLE_IDENTIFIER = com.zachthomson.Chiron;
				PRODUCT_NAME = "$(TARGET_NAME)";
				SWIFT_EMIT_LOC_STRINGS = YES;
				SWIFT_VERSION = 5.0;
				TARGETED_DEVICE_FAMILY = "1,2";
				e = "";
			};
			name = Release;
		};
		0446A81B2E31DA8300A13506 /* Debug */ = {
			isa = XCBuildConfiguration;
			buildSettings = {
				BUNDLE_LOADER = "$(TEST_HOST)";
				CODE_SIGN_STYLE = Automatic;
				CURRENT_PROJECT_VERSION = 1;
				GENERATE_INFOPLIST_FILE = YES;
				IPHONEOS_DEPLOYMENT_TARGET = 18.5;
				MARKETING_VERSION = 1.0;
				PRODUCT_BUNDLE_IDENTIFIER = Hephaestus.ChironTests;
				PRODUCT_NAME = "$(TARGET_NAME)";
				SWIFT_EMIT_LOC_STRINGS = NO;
				SWIFT_VERSION = 5.0;
				TARGETED_DEVICE_FAMILY = "1,2";
				TEST_HOST = "$(BUILT_PRODUCTS_DIR)/Chiron.app/$(BUNDLE_EXECUTABLE_FOLDER_PATH)/Chiron";
			};
			name = Debug;
		};
		0446A81C2E31DA8300A13506 /* Release */ = {
			isa = XCBuildConfiguration;
			buildSettings = {
				BUNDLE_LOADER = "$(TEST_HOST)";
				CODE_SIGN_STYLE = Automatic;
				CURRENT_PROJECT_VERSION = 1;
				GENERATE_INFOPLIST_FILE = YES;
				IPHONEOS_DEPLOYMENT_TARGET = 18.5;
				MARKETING_VERSION = 1.0;
				PRODUCT_BUNDLE_IDENTIFIER = Hephaestus.ChironTests;
				PRODUCT_NAME = "$(TARGET_NAME)";
				SWIFT_EMIT_LOC_STRINGS = NO;
				SWIFT_VERSION = 5.0;
				TARGETED_DEVICE_FAMILY = "1,2";
				TEST_HOST = "$(BUILT_PRODUCTS_DIR)/Chiron.app/$(BUNDLE_EXECUTABLE_FOLDER_PATH)/Chiron";
			};
			name = Release;
		};
		0446A81E2E31DA8300A13506 /* Debug */ = {
			isa = XCBuildConfiguration;
			buildSettings = {
				CODE_SIGN_STYLE = Automatic;
				CURRENT_PROJECT_VERSION = 1;
				GENERATE_INFOPLIST_FILE = YES;
				MARKETING_VERSION = 1.0;
				PRODUCT_BUNDLE_IDENTIFIER = Hephaestus.ChironUITests;
				PRODUCT_NAME = "$(TARGET_NAME)";
				SWIFT_EMIT_LOC_STRINGS = NO;
				SWIFT_VERSION = 5.0;
				TARGETED_DEVICE_FAMILY = "1,2";
				TEST_TARGET_NAME = Chiron;
			};
			name = Debug;
		};
		0446A81F2E31DA8300A13506 /* Release */ = {
			isa = XCBuildConfiguration;
			buildSettings = {
				CODE_SIGN_STYLE = Automatic;
				CURRENT_PROJECT_VERSION = 1;
				GENERATE_INFOPLIST_FILE = YES;
				MARKETING_VERSION = 1.0;
				PRODUCT_BUNDLE_IDENTIFIER = Hephaestus.ChironUITests;
				PRODUCT_NAME = "$(TARGET_NAME)";
				SWIFT_EMIT_LOC_STRINGS = NO;
				SWIFT_VERSION = 5.0;
				TARGETED_DEVICE_FAMILY = "1,2";
				TEST_TARGET_NAME = Chiron;
			};
			name = Release;
		};
/* End XCBuildConfiguration section */

/* Begin XCConfigurationList section */
		0446A7EC2E31DA8200A13506 /* Build configuration list for PBXProject "Chiron" */ = {
			isa = XCConfigurationList;
			buildConfigurations = (
				0446A8152E31DA8300A13506 /* Debug */,
				0446A8162E31DA8300A13506 /* Release */,
			);
			defaultConfigurationIsVisible = 0;
			defaultConfigurationName = Release;
		};
		0446A8172E31DA8300A13506 /* Build configuration list for PBXNativeTarget "Chiron" */ = {
			isa = XCConfigurationList;
			buildConfigurations = (
				0446A8182E31DA8300A13506 /* Debug */,
				0446A8192E31DA8300A13506 /* Release */,
			);
			defaultConfigurationIsVisible = 0;
			defaultConfigurationName = Release;
		};
		0446A81A2E31DA8300A13506 /* Build configuration list for PBXNativeTarget "ChironTests" */ = {
			isa = XCConfigurationList;
			buildConfigurations = (
				0446A81B2E31DA8300A13506 /* Debug */,
				0446A81C2E31DA8300A13506 /* Release */,
			);
			defaultConfigurationIsVisible = 0;
			defaultConfigurationName = Release;
		};
		0446A81D2E31DA8300A13506 /* Build configuration list for PBXNativeTarget "ChironUITests" */ = {
			isa = XCConfigurationList;
			buildConfigurations = (
				0446A81E2E31DA8300A13506 /* Debug */,
				0446A81F2E31DA8300A13506 /* Release */,
			);
			defaultConfigurationIsVisible = 0;
			defaultConfigurationName = Release;
		};
/* End XCConfigurationList section */

/* Begin XCRemoteSwiftPackageReference section */
		042491232E3E96ED00AC3367 /* XCRemoteSwiftPackageReference "firebase-ios-sdk" */ = {
			isa = XCRemoteSwiftPackageReference;
			repositoryURL = "https://github.com/firebase/firebase-ios-sdk.git";
			requirement = {
				kind = upToNextMajorVersion;
				minimumVersion = 12.0.0;
			};
		};
/* End XCRemoteSwiftPackageReference section */

/* Begin XCSwiftPackageProductDependency section */
		042491242E3E986400AC3367 /* FirebaseCore */ = {
			isa = XCSwiftPackageProductDependency;
			package = 042491232E3E96ED00AC3367 /* XCRemoteSwiftPackageReference "firebase-ios-sdk" */;
			productName = FirebaseCore;
		};
		042491262E3E986400AC3367 /* FirebaseStorage */ = {
			isa = XCSwiftPackageProductDependency;
			package = 042491232E3E96ED00AC3367 /* XCRemoteSwiftPackageReference "firebase-ios-sdk" */;
			productName = FirebaseStorage;
		};
		042491292E3E986400AC3367 /* FirebaseFirestore */ = {
			isa = XCSwiftPackageProductDependency;
			package = 042491232E3E96ED00AC3367 /* XCRemoteSwiftPackageReference "firebase-ios-sdk" */;
			productName = FirebaseFirestore;
		};
/* End XCSwiftPackageProductDependency section */
	};
	rootObject = 0446A7E92E31DA8200A13506 /* Project object */;
}
