{
  "name": "chiron-telemetry-worker",
  "version": "1.0.0",
  "lockfileVersion": 3,
  "requires": true,
  "packages": {
    "": {
      "name": "chiron-telemetry-worker",
      "version": "1.0.0",
      "license": "ISC",
      "dependencies": {
        "aws4fetch": "^1.0.20"
      },
      "devDependencies": {
        "@cloudflare/workers-types": "^4.20260507.1",
        "typescript": "^6.0.3"
      }
    },
    "node_modules/@cloudflare/workers-types": {
      "version": "4.20260507.1",
      "resolved": "https://registry.npmjs.org/@cloudflare/workers-types/-/workers-types-4.20260507.1.tgz",
      "integrity": "sha512-QChtMFu8EeVKaL4dW5r5wfZzlbH5CUnZU5Ef6E1cPjXzqryQuCwmEDNr+Oj2obbKR9jsVIUHPF/pkFaKWdYl2g==",
      "dev": true,
      "license": "MIT OR Apache-2.0"
    },
    "node_modules/aws4fetch": {
      "version": "1.0.20",
      "resolved": "https://registry.npmjs.org/aws4fetch/-/aws4fetch-1.0.20.tgz",
      "integrity": "sha512-/djoAN709iY65ETD6LKCtyyEI04XIBP5xVvfmNxsEP0uJB5tyaGBztSryRr4HqMStr9R06PisQE7m9zDTXKu6g==",
      "license": "MIT"
    },
    "node_modules/typescript": {
      "version": "6.0.3",
      "resolved": "https://registry.npmjs.org/typescript/-/typescript-6.0.3.tgz",
      "integrity": "sha512-y2TvuxSZPDyQakkFRPZHKFm+KKVqIisdg9/CZwm9ftvKXLP8NRWj38/ODjNbr43SsoXqNuAisEf1GdCxqWcdBw==",
      "dev": true,
      "license": "Apache-2.0",
      "bin": {
        "tsc": "bin/tsc",
        "tsserver": "bin/tsserver"
      },
      "engines": {
        "node": ">=14.17"
      }
    }
  }
}
